
Microsoft Visual Studio Solution File, Format Version 12.00
# Visual Studio 15
VisualStudioVersion = 15.0.26730.10
MinimumVisualStudioVersion = 10.0.40219.1
Project("{9A19103F-16F7-4668-BE54-9A1E7A4F7556}") = "VideoAppUI", "VideoAppUI\VideoAppUI.csproj", "{979DA14C-C272-4728-A04D-FA8C75CA445B}"
EndProject
Project("{9A19103F-16F7-4668-BE54-9A1E7A4F7556}") = "VideoAppBLL", "VideoAppBLL\VideoAppBLL.csproj", "{B29CEE8F-CBF9-478A-8CA8-9D61E93CBF3E}"
EndProject
Project("{9A19103F-16F7-4668-BE54-9A1E7A4F7556}") = "VideoAppDAL", "VideoAppDAL\VideoAppDAL.csproj", "{25BC24F2-2DAF-4DBA-98A0-7F14F41BFD13}"
EndProject
Global
	GlobalSection(SolutionConfigurationPlatforms) = preSolution
		Debug|Any CPU = Debug|Any CPU
		Release|Any CPU = Release|Any CPU
	EndGlobalSection
	GlobalSection(ProjectConfigurationPlatforms) = postSolution
		{979DA14C-C272-4728-A04D-FA8C75CA445B}.Debug|Any CPU.ActiveCfg = Debug|Any CPU
		{979DA14C-C272-4728-A04D-FA8C75CA445B}.Debug|Any CPU.Build.0 = Debug|Any CPU
		{979DA14C-C272-4728-A04D-FA8C75CA445B}.Release|Any CPU.ActiveCfg = Release|Any CPU
		{979DA14C-C272-4728-A04D-FA8C75CA445B}.Release|Any CPU.Build.0 = Release|Any CPU
		{B29CEE8F-CBF9-478A-8CA8-9D61E93CBF3E}.Debug|Any CPU.ActiveCfg = Debug|Any CPU
		{B29CEE8F-CBF9-478A-8CA8-9D61E93CBF3E}.Debug|Any CPU.Build.0 = Debug|Any CPU
		{B29CEE8F-CBF9-478A-8CA8-9D61E93CBF3E}.Release|Any CPU.ActiveCfg = Release|Any CPU
		{B29CEE8F-CBF9-478A-8CA8-9D61E93CBF3E}.Release|Any CPU.Build.0 = Release|Any CPU
		{25BC24F2-2DAF-4DBA-98A0-7F14F41BFD13}.Debug|Any CPU.ActiveCfg = Debug|Any CPU
		{25BC24F2-2DAF-4DBA-98A0-7F14F41BFD13}.Debug|Any CPU.Build.0 = Debug|Any CPU
		{25BC24F2-2DAF-4DBA-98A0-7F14F41BFD13}.Release|Any CPU.ActiveCfg = Release|Any CPU
		{25BC24F2-2DAF-4DBA-98A0-7F14F41BFD13}.Release|Any CPU.Build.0 = Release|Any CPU
	EndGlobalSection
	GlobalSection(SolutionProperties) = preSolution
		HideSolutionNode = FALSE
	EndGlobalSection
	GlobalSection(ExtensibilityGlobals) = postSolution
		SolutionGuid = {46B5EFD8-8F1F-4B97-BC20-EABB9A68DBAA}
	EndGlobalSection
EndGlobal
